// !$*UTF8*$!
{
	archiveVersion = 1;
	classes = {
	};
	objectVersion = 46;
	objects = {

/* Begin PBXBuildFile section */
		5088335819EBE60E00D3AF08 /* main.m in Sources */ = {isa = PBXBuildFile; fileRef = 5088335719EBE60E00D3AF08 /* main.m */; };
		5088335B19EBE60E00D3AF08 /* AppDelegate.m in Sources */ = {isa = PBXBuildFile; fileRef = 5088335A19EBE60E00D3AF08 /* AppDelegate.m */; };
		5088336319EBE60E00D3AF08 /* Images.xcassets in Resources */ = {isa = PBXBuildFile; fileRef = 5088336219EBE60E00D3AF08 /* Images.xcassets */; };
		5088336619EBE60E00D3AF08 /* LaunchScreen.xib in Resources */ = {isa = PBXBuildFile; fileRef = 5088336419EBE60E00D3AF08 /* LaunchScreen.xib */; };
		5088337219EBE60E00D3AF08 /* Beer_AppTests.m in Sources */ = {isa = PBXBuildFile; fileRef = 5088337119EBE60E00D3AF08 /* Beer_AppTests.m */; };
		5088337D19EBE66800D3AF08 /* BeerInfo.m in Sources */ = {isa = PBXBuildFile; fileRef = 5088337C19EBE66800D3AF08 /* BeerInfo.m */; };
		5088338219EBFD9600D3AF08 /* Beer.m in Sources */ = {isa = PBXBuildFile; fileRef = 5088338119EBFD9600D3AF08 /* Beer.m */; };
		5088338419EBFF3100D3AF08 /* BeerList.plist in Resources */ = {isa = PBXBuildFile; fileRef = 5088338319EBFF3100D3AF08 /* BeerList.plist */; };
		5088338A19EC052600D3AF08 /* BeersViewController.m in Sources */ = {isa = PBXBuildFile; fileRef = 5088338819EC052600D3AF08 /* BeersViewController.m */; };
		5088338B19EC052600D3AF08 /* BeersViewController.xib in Resources */ = {isa = PBXBuildFile; fileRef = 5088338919EC052600D3AF08 /* BeersViewController.xib */; };
/* End PBXBuildFile section */

/* Begin PBXContainerItemProxy section */
		5088336C19EBE60E00D3AF08 /* PBXContainerItemProxy */ = {
			isa = PBXContainerItemProxy;
			containerPortal = 5088334A19EBE60E00D3AF08 /* Project object */;
			proxyType = 1;
			remoteGlobalIDString = 5088335119EBE60E00D3AF08;
			remoteInfo = "Beer App";
		};
/* End PBXContainerItemProxy section */

/* Begin PBXFileReference section */
		5088335219EBE60E00D3AF08 /* Beer App.app */ = {isa = PBXFileReference; explicitFileType = wrapper.application; includeInIndex = 0; path = "Beer App.app"; sourceTree = BUILT_PRODUCTS_DIR; };
		5088335619EBE60E00D3AF08 /* Info.plist */ = {isa = PBXFileReference; lastKnownFileType = text.plist.xml; path = Info.plist; sourceTree = "<group>"; };
		5088335719EBE60E00D3AF08 /* main.m */ = {isa = PBXFileReference; lastKnownFileType = sourcecode.c.objc; path = main.m; sourceTree = "<group>"; };
		5088335919EBE60E00D3AF08 /* AppDelegate.h */ = {isa = PBXFileReference; lastKnownFileType = sourcecode.c.h; path = AppDelegate.h; sourceTree = "<group>"; };
		5088335A19EBE60E00D3AF08 /* AppDelegate.m */ = {isa = PBXFileReference; lastKnownFileType = sourcecode.c.objc; path = AppDelegate.m; sourceTree = "<group>"; };
		5088336219EBE60E00D3AF08 /* Images.xcassets */ = {isa = PBXFileReference; lastKnownFileType = folder.assetcatalog; path = Images.xcassets; sourceTree = "<group>"; };
		5088336519EBE60E00D3AF08 /* Base */ = {isa = PBXFileReference; lastKnownFileType = file.xib; name = Base; path = Base.lproj/LaunchScreen.xib; sourceTree = "<group>"; };
		5088336B19EBE60E00D3AF08 /* Beer AppTests.xctest */ = {isa = PBXFileReference; explicitFileType = wrapper.cfbundle; includeInIndex = 0; path = "Beer AppTests.xctest"; sourceTree = BUILT_PRODUCTS_DIR; };
		5088337019EBE60E00D3AF08 /* Info.plist */ = {isa = PBXFileReference; lastKnownFileType = text.plist.xml; path = Info.plist; sourceTree = "<group>"; };
		5088337119EBE60E00D3AF08 /* Beer_AppTests.m */ = {isa = PBXFileReference; lastKnownFileType = sourcecode.c.objc; path = Beer_AppTests.m; sourceTree = "<group>"; };
		5088337B19EBE66800D3AF08 /* BeerInfo.h */ = {isa = PBXFileReference; fileEncoding = 4; lastKnownFileType = sourcecode.c.h; path = BeerInfo.h; sourceTree = "<group>"; };
		5088337C19EBE66800D3AF08 /* BeerInfo.m */ = {isa = PBXFileReference; fileEncoding = 4; lastKnownFileType = sourcecode.c.objc; path = BeerInfo.m; sourceTree = "<group>"; };
		5088338019EBFD9600D3AF08 /* Beer.h */ = {isa = PBXFileReference; fileEncoding = 4; lastKnownFileType = sourcecode.c.h; path = Beer.h; sourceTree = "<group>"; };
		5088338119EBFD9600D3AF08 /* Beer.m */ = {isa = PBXFileReference; fileEncoding = 4; lastKnownFileType = sourcecode.c.objc; path = Beer.m; sourceTree = "<group>"; };
		5088338319EBFF3100D3AF08 /* BeerList.plist */ = {isa = PBXFileReference; fileEncoding = 4; lastKnownFileType = text.plist.xml; name = BeerList.plist; path = ../BeerList.plist; sourceTree = "<group>"; };
		5088338719EC052600D3AF08 /* BeersViewController.h */ = {isa = PBXFileReference; fileEncoding = 4; lastKnownFileType = sourcecode.c.h; path = BeersViewController.h; sourceTree = "<group>"; };
		5088338819EC052600D3AF08 /* BeersViewController.m */ = {isa = PBXFileReference; fileEncoding = 4; lastKnownFileType = sourcecode.c.objc; path = BeersViewController.m; sourceTree = "<group>"; };
		5088338919EC052600D3AF08 /* BeersViewController.xib */ = {isa = PBXFileReference; fileEncoding = 4; lastKnownFileType = file.xib; path = BeersViewController.xib; sourceTree = "<group>"; };
/* End PBXFileReference section */

/* Begin PBXFrameworksBuildPhase section */
		5088334F19EBE60E00D3AF08 /* Frameworks */ = {
			isa = PBXFrameworksBuildPhase;
			buildActionMask = 2147483647;
			files = (
			);
			runOnlyForDeploymentPostprocessing = 0;
		};
		5088336819EBE60E00D3AF08 /* Frameworks */ = {
			isa = PBXFrameworksBuildPhase;
			buildActionMask = 2147483647;
			files = (
			);
			runOnlyForDeploymentPostprocessing = 0;
		};
/* End PBXFrameworksBuildPhase section */

/* Begin PBXGroup section */
		5088334919EBE60E00D3AF08 = {
			isa = PBXGroup;
			children = (
				5088335419EBE60E00D3AF08 /* Beer App */,
				5088336E19EBE60E00D3AF08 /* Beer AppTests */,
				5088335319EBE60E00D3AF08 /* Products */,
			);
			sourceTree = "<group>";
		};
		5088335319EBE60E00D3AF08 /* Products */ = {
			isa = PBXGroup;
			children = (
				5088335219EBE60E00D3AF08 /* Beer App.app */,
				5088336B19EBE60E00D3AF08 /* Beer AppTests.xctest */,
			);
			name = Products;
			sourceTree = "<group>";
		};
		5088335419EBE60E00D3AF08 /* Beer App */ = {
			isa = PBXGroup;
			children = (
				5088335919EBE60E00D3AF08 /* AppDelegate.h */,
				5088335A19EBE60E00D3AF08 /* AppDelegate.m */,
				5088337E19EBE67000D3AF08 /* Model */,
				5088337F19EBE67900D3AF08 /* View */,
				5088336219EBE60E00D3AF08 /* Images.xcassets */,
				5088336419EBE60E00D3AF08 /* LaunchScreen.xib */,
				5088335519EBE60E00D3AF08 /* Supporting Files */,
			);
			path = "Beer App";
			sourceTree = "<group>";
		};
		5088335519EBE60E00D3AF08 /* Supporting Files */ = {
			isa = PBXGroup;
			children = (
				5088335619EBE60E00D3AF08 /* Info.plist */,
				5088335719EBE60E00D3AF08 /* main.m */,
			);
			name = "Supporting Files";
			sourceTree = "<group>";
		};
		5088336E19EBE60E00D3AF08 /* Beer AppTests */ = {
			isa = PBXGroup;
			children = (
				5088337119EBE60E00D3AF08 /* Beer_AppTests.m */,
				5088336F19EBE60E00D3AF08 /* Supporting Files */,
			);
			path = "Beer AppTests";
			sourceTree = "<group>";
		};
		5088336F19EBE60E00D3AF08 /* Supporting Files */ = {
			isa = PBXGroup;
			children = (
				5088337019EBE60E00D3AF08 /* Info.plist */,
			);
			name = "Supporting Files";
			sourceTree = "<group>";
		};
		5088337E19EBE67000D3AF08 /* Model */ = {
			isa = PBXGroup;
			children = (
				5088337B19EBE66800D3AF08 /* BeerInfo.h */,
				5088337C19EBE66800D3AF08 /* BeerInfo.m */,
				5088338019EBFD9600D3AF08 /* Beer.h */,
				5088338119EBFD9600D3AF08 /* Beer.m */,
				5088338319EBFF3100D3AF08 /* BeerList.plist */,
			);
			name = Model;
			sourceTree = "<group>";
		};
		5088337F19EBE67900D3AF08 /* View */ = {
			isa = PBXGroup;
			children = (
				5088338719EC052600D3AF08 /* BeersViewController.h */,
				5088338819EC052600D3AF08 /* BeersViewController.m */,
				5088338919EC052600D3AF08 /* BeersViewController.xib */,
			);
			name = View;
			sourceTree = "<group>";
		};
/* End PBXGroup section */

/* Begin PBXNativeTarget section */
		5088335119EBE60E00D3AF08 /* Beer App */ = {
			isa = PBXNativeTarget;
			buildConfigurationList = 5088337519EBE60E00D3AF08 /* Build configuration list for PBXNativeTarget "Beer App" */;
			buildPhases = (
				5088334E19EBE60E00D3AF08 /* Sources */,
				5088334F19EBE60E00D3AF08 /* Frameworks */,
				5088335019EBE60E00D3AF08 /* Resources */,
			);
			buildRules = (
			);
			dependencies = (
			);
			name = "Beer App";
			productName = "Beer App";
			productReference = 5088335219EBE60E00D3AF08 /* Beer App.app */;
			productType = "com.apple.product-type.application";
		};
		5088336A19EBE60E00D3AF08 /* Beer AppTests */ = {
			isa = PBXNativeTarget;
			buildConfigurationList = 5088337819EBE60E00D3AF08 /* Build configuration list for PBXNativeTarget "Beer AppTests" */;
			buildPhases = (
				5088336719EBE60E00D3AF08 /* Sources */,
				5088336819EBE60E00D3AF08 /* Frameworks */,
				5088336919EBE60E00D3AF08 /* Resources */,
			);
			buildRules = (
			);
			dependencies = (
				5088336D19EBE60E00D3AF08 /* PBXTargetDependency */,
			);
			name = "Beer AppTests";
			productName = "Beer AppTests";
			productReference = 5088336B19EBE60E00D3AF08 /* Beer AppTests.xctest */;
			productType = "com.apple.product-type.bundle.unit-test";
		};
/* End PBXNativeTarget section */

/* Begin PBXProject section */
		5088334A19EBE60E00D3AF08 /* Project object */ = {
			isa = PBXProject;
			attributes = {
				LastUpgradeCheck = 0600;
				ORGANIZATIONNAME = "Albert Villanueva Carreras";
				TargetAttributes = {
					5088335119EBE60E00D3AF08 = {
						CreatedOnToolsVersion = 6.0.1;
					};
					5088336A19EBE60E00D3AF08 = {
						CreatedOnToolsVersion = 6.0.1;
						TestTargetID = 5088335119EBE60E00D3AF08;
					};
				};
			};
			buildConfigurationList = 5088334D19EBE60E00D3AF08 /* Build configuration list for PBXProject "Beer App" */;
			compatibilityVersion = "Xcode 3.2";
			developmentRegion = English;
			hasScannedForEncodings = 0;
			knownRegions = (
				en,
				Base,
			);
			mainGroup = 5088334919EBE60E00D3AF08;
			productRefGroup = 5088335319EBE60E00D3AF08 /* Products */;
			projectDirPath = "";
			projectRoot = "";
			targets = (
				5088335119EBE60E00D3AF08 /* Beer App */,
				5088336A19EBE60E00D3AF08 /* Beer AppTests */,
			);
		};
/* End PBXProject section */

/* Begin PBXResourcesBuildPhase section */
		5088335019EBE60E00D3AF08 /* Resources */ = {
			isa = PBXResourcesBuildPhase;
			buildActionMask = 2147483647;
			files = (
				5088338B19EC052600D3AF08 /* BeersViewController.xib in Resources */,
				5088336619EBE60E00D3AF08 /* LaunchScreen.xib in Resources */,
				5088338419EBFF3100D3AF08 /* BeerList.plist in Resources */,
				5088336319EBE60E00D3AF08 /* Images.xcassets in Resources */,
			);
			runOnlyForDeploymentPostprocessing = 0;
		};
		5088336919EBE60E00D3AF08 /* Resources */ = {
			isa = PBXResourcesBuildPhase;
			buildActionMask = 2147483647;
			files = (
			);
			runOnlyForDeploymentPostprocessing = 0;
		};
/* End PBXResourcesBuildPhase section */

/* Begin PBXSourcesBuildPhase section */
		5088334E19EBE60E00D3AF08 /* Sources */ = {
			isa = PBXSourcesBuildPhase;
			buildActionMask = 2147483647;
			files = (
				5088338219EBFD9600D3AF08 /* Beer.m in Sources */,
				5088335B19EBE60E00D3AF08 /* AppDelegate.m in Sources */,
				5088335819EBE60E00D3AF08 /* main.m in Sources */,
				5088338A19EC052600D3AF08 /* BeersViewController.m in Sources */,
				5088337D19EBE66800D3AF08 /* BeerInfo.m in Sources */,
			);
			runOnlyForDeploymentPostprocessing = 0;
		};
		5088336719EBE60E00D3AF08 /* Sources */ = {
			isa = PBXSourcesBuildPhase;
			buildActionMask = 2147483647;
			files = (
				5088337219EBE60E00D3AF08 /* Beer_AppTests.m in Sources */,
			);
			runOnlyForDeploymentPostprocessing = 0;
		};
/* End PBXSourcesBuildPhase section */

/* Begin PBXTargetDependency section */
		5088336D19EBE60E00D3AF08 /* PBXTargetDependency */ = {
			isa = PBXTargetDependency;
			target = 5088335119EBE60E00D3AF08 /* Beer App */;
			targetProxy = 5088336C19EBE60E00D3AF08 /* PBXContainerItemProxy */;
		};
/* End PBXTargetDependency section */

/* Begin PBXVariantGroup section */
		5088336419EBE60E00D3AF08 /* LaunchScreen.xib */ = {
			isa = PBXVariantGroup;
			children = (
				5088336519EBE60E00D3AF08 /* Base */,
			);
			name = LaunchScreen.xib;
			sourceTree = "<group>";
		};
/* End PBXVariantGroup section */

/* Begin XCBuildConfiguration section */
		5088337319EBE60E00D3AF08 /* Debug */ = {
			isa = XCBuildConfiguration;
			buildSettings = {
				ALWAYS_SEARCH_USER_PATHS = NO;
				CLANG_CXX_LANGUAGE_STANDARD = "gnu++0x";
				CLANG_CXX_LIBRARY = "libc++";
				CLANG_ENABLE_MODULES = YES;
				CLANG_ENABLE_OBJC_ARC = YES;
				CLANG_WARN_BOOL_CONVERSION = YES;
				CLANG_WARN_CONSTANT_CONVERSION = YES;
				CLANG_WARN_DIRECT_OBJC_ISA_USAGE = YES_ERROR;
				CLANG_WARN_EMPTY_BODY = YES;
				CLANG_WARN_ENUM_CONVERSION = YES;
				CLANG_WARN_INT_CONVERSION = YES;
				CLANG_WARN_OBJC_ROOT_CLASS = YES_ERROR;
				CLANG_WARN_UNREACHABLE_CODE = YES;
				CLANG_WARN__DUPLICATE_METHOD_MATCH = YES;
				"CODE_SIGN_IDENTITY[sdk=iphoneos*]" = "iPhone Developer";
				COPY_PHASE_STRIP = NO;
				ENABLE_STRICT_OBJC_MSGSEND = YES;
				GCC_C_LANGUAGE_STANDARD = gnu99;
				GCC_DYNAMIC_NO_PIC = NO;
				GCC_OPTIMIZATION_LEVEL = 0;
				GCC_PREPROCESSOR_DEFINITIONS = (
					"DEBUG=1",
					"$(inherited)",
				);
				GCC_SYMBOLS_PRIVATE_EXTERN = NO;
				GCC_WARN_64_TO_32_BIT_CONVERSION = YES;
				GCC_WARN_ABOUT_RETURN_TYPE = YES_ERROR;
				GCC_WARN_UNDECLARED_SELECTOR = YES;
				GCC_WARN_UNINITIALIZED_AUTOS = YES_AGGRESSIVE;
				GCC_WARN_UNUSED_FUNCTION = YES;
				GCC_WARN_UNUSED_VARIABLE = YES;
				IPHONEOS_DEPLOYMENT_TARGET = 8.0;
				MTL_ENABLE_DEBUG_INFO = YES;
				ONLY_ACTIVE_ARCH = YES;
				SDKROOT = iphoneos;
			};
			name = Debug;
		};
		5088337419EBE60E00D3AF08 /* Release */ = {
			isa = XCBuildConfiguration;
			buildSettings = {
				ALWAYS_SEARCH_USER_PATHS = NO;
				CLANG_CXX_LANGUAGE_STANDARD = "gnu++0x";
				CLANG_CXX_LIBRARY = "libc++";
				CLANG_ENABLE_MODULES = YES;
				CLANG_ENABLE_OBJC_ARC = YES;
				CLANG_WARN_BOOL_CONVERSION = YES;
				CLANG_WARN_CONSTANT_CONVERSION = YES;
				CLANG_WARN_DIRECT_OBJC_ISA_USAGE = YES_ERROR;
				CLANG_WARN_EMPTY_BODY = YES;
				CLANG_WARN_ENUM_CONVERSION = YES;
				CLANG_WARN_INT_CONVERSION = YES;
				CLANG_WARN_OBJC_ROOT_CLASS = YES_ERROR;
				CLANG_WARN_UNREACHABLE_CODE = YES;
				CLANG_WARN__DUPLICATE_METHOD_MATCH = YES;
				"CODE_SIGN_IDENTITY[sdk=iphoneos*]" = "iPhone Developer";
				COPY_PHASE_STRIP = YES;
				ENABLE_NS_ASSERTIONS = NO;
				ENABLE_STRICT_OBJC_MSGSEND = YES;
				GCC_C_LANGUAGE_STANDARD = gnu99;
				GCC_WARN_64_TO_32_BIT_CONVERSION = YES;
				GCC_WARN_ABOUT_RETURN_TYPE = YES_ERROR;
				GCC_WARN_UNDECLARED_SELECTOR = YES;
				GCC_WARN_UNINITIALIZED_AUTOS = YES_AGGRESSIVE;
				GCC_WARN_UNUSED_FUNCTION = YES;
				GCC_WARN_UNUSED_VARIABLE = YES;
				IPHONEOS_DEPLOYMENT_TARGET = 8.0;
				MTL_ENABLE_DEBUG_INFO = NO;
				SDKROOT = iphoneos;
				VALIDATE_PRODUCT = YES;
			};
			name = Release;
		};
		5088337619EBE60E00D3AF08 /* Debug */ = {
			isa = XCBuildConfiguration;
			buildSettings = {
				ASSETCATALOG_COMPILER_APPICON_NAME = AppIcon;
				INFOPLIST_FILE = "Beer App/Info.plist";
				LD_RUNPATH_SEARCH_PATHS = "$(inherited) @executable_path/Frameworks";
				PRODUCT_NAME = "$(TARGET_NAME)";
			};
			name = Debug;
		};
		5088337719EBE60E00D3AF08 /* Release */ = {
			isa = XCBuildConfiguration;
			buildSettings = {
				ASSETCATALOG_COMPILER_APPICON_NAME = AppIcon;
				INFOPLIST_FILE = "Beer App/Info.plist";
				LD_RUNPATH_SEARCH_PATHS = "$(inherited) @executable_path/Frameworks";
				PRODUCT_NAME = "$(TARGET_NAME)";
			};
			name = Release;
		};
		5088337919EBE60E00D3AF08 /* Debug */ = {
			isa = XCBuildConfiguration;
			buildSettings = {
				BUNDLE_LOADER = "$(TEST_HOST)";
				FRAMEWORK_SEARCH_PATHS = (
					"$(SDKROOT)/Developer/Library/Frameworks",
					"$(inherited)",
				);
				GCC_PREPROCESSOR_DEFINITIONS = (
					"DEBUG=1",
					"$(inherited)",
				);
				INFOPLIST_FILE = "Beer AppTests/Info.plist";
				LD_RUNPATH_SEARCH_PATHS = "$(inherited) @executable_path/Frameworks @loader_path/Frameworks";
				PRODUCT_NAME = "$(TARGET_NAME)";
				TEST_HOST = "$(BUILT_PRODUCTS_DIR)/Beer App.app/Beer App";
			};
			name = Debug;
		};
		5088337A19EBE60E00D3AF08 /* Release */ = {
			isa = XCBuildConfiguration;
			buildSettings = {
				BUNDLE_LOADER = "$(TEST_HOST)";
				FRAMEWORK_SEARCH_PATHS = (
					"$(SDKROOT)/Developer/Library/Frameworks",
					"$(inherited)",
				);
				INFOPLIST_FILE = "Beer AppTests/Info.plist";
				LD_RUNPATH_SEARCH_PATHS = "$(inherited) @executable_path/Frameworks @loader_path/Frameworks";
				PRODUCT_NAME = "$(TARGET_NAME)";
				TEST_HOST = "$(BUILT_PRODUCTS_DIR)/Beer App.app/Beer App";
			};
			name = Release;
		};
/* End XCBuildConfiguration section */

/* Begin XCConfigurationList section */
		5088334D19EBE60E00D3AF08 /* Build configuration list for PBXProject "Beer App" */ = {
			isa = XCConfigurationList;
			buildConfigurations = (
				5088337319EBE60E00D3AF08 /* Debug */,
				5088337419EBE60E00D3AF08 /* Release */,
			);
			defaultConfigurationIsVisible = 0;
			defaultConfigurationName = Release;
		};
		5088337519EBE60E00D3AF08 /* Build configuration list for PBXNativeTarget "Beer App" */ = {
			isa = XCConfigurationList;
			buildConfigurations = (
				5088337619EBE60E00D3AF08 /* Debug */,
				5088337719EBE60E00D3AF08 /* Release */,
			);
			defaultConfigurationIsVisible = 0;
		};
		5088337819EBE60E00D3AF08 /* Build configuration list for PBXNativeTarget "Beer AppTests" */ = {
			isa = XCConfigurationList;
			buildConfigurations = (
				5088337919EBE60E00D3AF08 /* Debug */,
				5088337A19EBE60E00D3AF08 /* Release */,
			);
			defaultConfigurationIsVisible = 0;
		};
/* End XCConfigurationList section */
	};
	rootObject = 5088334A19EBE60E00D3AF08 /* Project object */;
}
